
Microsoft Visual Studio Solution File, Format Version 12.00
# Visual Studio Version 17
VisualStudioVersion = 17.8.34322.80
MinimumVisualStudioVersion = 10.0.40219.1
Project("{8BC9CEB8-8B4A-11D0-8D11-00A0C91BC942}") = "brick pong", "brick pong.vcxproj", "{375D0902-0CD1-4F1E-8B85-B927D58BF960}"
EndProject
Global
	GlobalSection(SolutionConfigurationPlatforms) = preSolution
		Debug|x64 = Debug|x64
		Debug|x86 = Debug|x86
		Release|x64 = Release|x64
		Release|x86 = Release|x86
	EndGlobalSection
	GlobalSection(ProjectConfigurationPlatforms) = postSolution
		{375D0902-0CD1-4F1E-8B85-B927D58BF960}.Debug|x64.ActiveCfg = Debug|x64
		{375D0902-0CD1-4F1E-8B85-B927D58BF960}.Debug|x64.Build.0 = Debug|x64
		{375D0902-0CD1-4F1E-8B85-B927D58BF960}.Debug|x86.ActiveCfg = Debug|Win32
		{375D0902-0CD1-4F1E-8B85-B927D58BF960}.Debug|x86.Build.0 = Debug|Win32
		{375D0902-0CD1-4F1E-8B85-B927D58BF960}.Release|x64.ActiveCfg = Release|x64
		{375D0902-0CD1-4F1E-8B85-B927D58BF960}.Release|x64.Build.0 = Release|x64
		{375D0902-0CD1-4F1E-8B85-B927D58BF960}.Release|x86.ActiveCfg = Release|Win32
		{375D0902-0CD1-4F1E-8B85-B927D58BF960}.Release|x86.Build.0 = Release|Win32
	EndGlobalSection
	GlobalSection(SolutionProperties) = preSolution
		HideSolutionNode = FALSE
	EndGlobalSection
	GlobalSection(ExtensibilityGlobals) = postSolution
		SolutionGuid = {3F27BAFD-C713-4255-89A6-4335324A2BE8}
	EndGlobalSection
EndGlobal
